
Microsoft Visual Studio Solution File, Format Version 12.00
# Visual Studio Version 16
VisualStudioVersion = 16.0.30611.23
MinimumVisualStudioVersion = 10.0.40219.1
Project("{FAE04EC0-301F-11D3-BF4B-00C04F79EFBC}") = "JsontoXml", "JsontoXml\JsontoXml.csproj", "{3CAA1039-2651-4B21-96AD-0B0D86ECA071}"
EndProject
Global
	GlobalSection(SolutionConfigurationPlatforms) = preSolution
		Debug|Any CPU = Debug|Any CPU
		Release|Any CPU = Release|Any CPU
	EndGlobalSection
	GlobalSection(ProjectConfigurationPlatforms) = postSolution
		{3CAA1039-2651-4B21-96AD-0B0D86ECA071}.Debug|Any CPU.ActiveCfg = Debug|Any CPU
		{3CAA1039-2651-4B21-96AD-0B0D86ECA071}.Debug|Any CPU.Build.0 = Debug|Any CPU
		{3CAA1039-2651-4B21-96AD-0B0D86ECA071}.Release|Any CPU.ActiveCfg = Release|Any CPU
		{3CAA1039-2651-4B21-96AD-0B0D86ECA071}.Release|Any CPU.Build.0 = Release|Any CPU
	EndGlobalSection
	GlobalSection(SolutionProperties) = preSolution
		HideSolutionNode = FALSE
	EndGlobalSection
	GlobalSection(ExtensibilityGlobals) = postSolution
		SolutionGuid = {3A3A205B-C52C-48F1-BEFC-F1849BD4F129}
	EndGlobalSection
EndGlobal
